
Microsoft Visual Studio Solution File, Format Version 12.00
# Visual Studio Version 16
VisualStudioVersion = 16.0.31729.503
MinimumVisualStudioVersion = 10.0.40219.1
Project("{FAE04EC0-301F-11D3-BF4B-00C04F79EFBC}") = "WpfApp2", "WpfApp2\WpfApp2.csproj", "{0F86AD90-3360-4349-921A-0B5CFA94E3C0}"
EndProject
Global
	GlobalSection(SolutionConfigurationPlatforms) = preSolution
		Debug|Any CPU = Debug|Any CPU
		Release|Any CPU = Release|Any CPU
	EndGlobalSection
	GlobalSection(ProjectConfigurationPlatforms) = postSolution
		{0F86AD90-3360-4349-921A-0B5CFA94E3C0}.Debug|Any CPU.ActiveCfg = Debug|Any CPU
		{0F86AD90-3360-4349-921A-0B5CFA94E3C0}.Debug|Any CPU.Build.0 = Debug|Any CPU
		{0F86AD90-3360-4349-921A-0B5CFA94E3C0}.Release|Any CPU.ActiveCfg = Release|Any CPU
		{0F86AD90-3360-4349-921A-0B5CFA94E3C0}.Release|Any CPU.Build.0 = Release|Any CPU
	EndGlobalSection
	GlobalSection(SolutionProperties) = preSolution
		HideSolutionNode = FALSE
	EndGlobalSection
	GlobalSection(ExtensibilityGlobals) = postSolution
		SolutionGuid = {08924ED1-F9BA-483C-98DD-F56B45F6B438}
	EndGlobalSection
EndGlobal
